
Microsoft Visual Studio Solution File, Format Version 12.00
# Visual Studio 15
VisualStudioVersion = 15.0.28307.1831
MinimumVisualStudioVersion = 10.0.40219.1
Project("{FAE04EC0-301F-11D3-BF4B-00C04F79EFBC}") = "BapTap59", "BapTap59\BapTap59.csproj", "{248AD234-5F19-4352-A244-55308E3845BE}"
EndProject
Project("{FAE04EC0-301F-11D3-BF4B-00C04F79EFBC}") = "BaiTap60", "BaiTap60\BaiTap60.csproj", "{8B81854E-2966-4F54-99E8-C1BB9CE674EA}"
EndProject
Project("{FAE04EC0-301F-11D3-BF4B-00C04F79EFBC}") = "BaiTap61", "BaiTap61\BaiTap61.csproj", "{311AB8B8-6EF8-4C52-9A68-B794A06B30FF}"
EndProject
Project("{FAE04EC0-301F-11D3-BF4B-00C04F79EFBC}") = "BaiTap62", "BaiTap62\BaiTap62.csproj", "{3366B237-7705-46C0-9C79-556FA0C9AB17}"
EndProject
Project("{FAE04EC0-301F-11D3-BF4B-00C04F79EFBC}") = "BaiTap58", "BaiTap58\BaiTap58.csproj", "{5D3963BF-DFCD-4496-B44B-DFF3FAFD3563}"
EndProject
Project("{FAE04EC0-301F-11D3-BF4B-00C04F79EFBC}") = "BaiTap63", "BaiTap63\BaiTap63.csproj", "{11EB4FB0-FCA5-4B57-A002-413EFCA7016A}"
EndProject
Project("{FAE04EC0-301F-11D3-BF4B-00C04F79EFBC}") = "BaiTap64", "BaiTap64\BaiTap64.csproj", "{16CB0457-BF26-4E6B-9356-F093BD23C7F5}"
EndProject
Project("{FAE04EC0-301F-11D3-BF4B-00C04F79EFBC}") = "BaiTap65", "BaiTap65\BaiTap65.csproj", "{66D83E35-45D1-49D0-AC6C-49EA4E2E73EE}"
EndProject
Project("{FAE04EC0-301F-11D3-BF4B-00C04F79EFBC}") = "BaiTap66", "BaiTap66\BaiTap66.csproj", "{223B28FF-F94E-4360-B5FA-B2A05058E6B8}"
EndProject
Project("{FAE04EC0-301F-11D3-BF4B-00C04F79EFBC}") = "BaiTap68", "BaiTap67\BaiTap68.csproj", "{B9DBBDE5-27CE-4CC7-AB23-95EDEE3138BD}"
EndProject
Project("{FAE04EC0-301F-11D3-BF4B-00C04F79EFBC}") = "BaiTapp67", "BaiTapp67\BaiTapp67.csproj", "{1126CA8E-878A-441D-B2CD-A3E1E907770C}"
EndProject
Project("{FAE04EC0-301F-11D3-BF4B-00C04F79EFBC}") = "BaiTap69", "BaiTap69\BaiTap69.csproj", "{28814BC4-C4CD-4C5C-A7C5-7A9B4631B59D}"
EndProject
Project("{FAE04EC0-301F-11D3-BF4B-00C04F79EFBC}") = "BaiTap70", "BaiTap70\BaiTap70.csproj", "{CD578F18-A5AA-4854-AF15-7A2CDF617107}"
EndProject
Global
	GlobalSection(SolutionConfigurationPlatforms) = preSolution
		Debug|Any CPU = Debug|Any CPU
		Release|Any CPU = Release|Any CPU
	EndGlobalSection
	GlobalSection(ProjectConfigurationPlatforms) = postSolution
		{248AD234-5F19-4352-A244-55308E3845BE}.Debug|Any CPU.ActiveCfg = Debug|Any CPU
		{248AD234-5F19-4352-A244-55308E3845BE}.Debug|Any CPU.Build.0 = Debug|Any CPU
		{248AD234-5F19-4352-A244-55308E3845BE}.Release|Any CPU.ActiveCfg = Release|Any CPU
		{248AD234-5F19-4352-A244-55308E3845BE}.Release|Any CPU.Build.0 = Release|Any CPU
		{8B81854E-2966-4F54-99E8-C1BB9CE674EA}.Debug|Any CPU.ActiveCfg = Debug|Any CPU
		{8B81854E-2966-4F54-99E8-C1BB9CE674EA}.Debug|Any CPU.Build.0 = Debug|Any CPU
		{8B81854E-2966-4F54-99E8-C1BB9CE674EA}.Release|Any CPU.ActiveCfg = Release|Any CPU
		{8B81854E-2966-4F54-99E8-C1BB9CE674EA}.Release|Any CPU.Build.0 = Release|Any CPU
		{311AB8B8-6EF8-4C52-9A68-B794A06B30FF}.Debug|Any CPU.ActiveCfg = Debug|Any CPU
		{311AB8B8-6EF8-4C52-9A68-B794A06B30FF}.Debug|Any CPU.Build.0 = Debug|Any CPU
		{311AB8B8-6EF8-4C52-9A68-B794A06B30FF}.Release|Any CPU.ActiveCfg = Release|Any CPU
		{311AB8B8-6EF8-4C52-9A68-B794A06B30FF}.Release|Any CPU.Build.0 = Release|Any CPU
		{3366B237-7705-46C0-9C79-556FA0C9AB17}.Debug|Any CPU.ActiveCfg = Debug|Any CPU
		{3366B237-7705-46C0-9C79-556FA0C9AB17}.Debug|Any CPU.Build.0 = Debug|Any CPU
		{3366B237-7705-46C0-9C79-556FA0C9AB17}.Release|Any CPU.ActiveCfg = Release|Any CPU
		{3366B237-7705-46C0-9C79-556FA0C9AB17}.Release|Any CPU.Build.0 = Release|Any CPU
		{5D3963BF-DFCD-4496-B44B-DFF3FAFD3563}.Debug|Any CPU.ActiveCfg = Debug|Any CPU
		{5D3963BF-DFCD-4496-B44B-DFF3FAFD3563}.Debug|Any CPU.Build.0 = Debug|Any CPU
		{5D3963BF-DFCD-4496-B44B-DFF3FAFD3563}.Release|Any CPU.ActiveCfg = Release|Any CPU
		{5D3963BF-DFCD-4496-B44B-DFF3FAFD3563}.Release|Any CPU.Build.0 = Release|Any CPU
		{11EB4FB0-FCA5-4B57-A002-413EFCA7016A}.Debug|Any CPU.ActiveCfg = Debug|Any CPU
		{11EB4FB0-FCA5-4B57-A002-413EFCA7016A}.Debug|Any CPU.Build.0 = Debug|Any CPU
		{11EB4FB0-FCA5-4B57-A002-413EFCA7016A}.Release|Any CPU.ActiveCfg = Release|Any CPU
		{11EB4FB0-FCA5-4B57-A002-413EFCA7016A}.Release|Any CPU.Build.0 = Release|Any CPU
		{16CB0457-BF26-4E6B-9356-F093BD23C7F5}.Debug|Any CPU.ActiveCfg = Debug|Any CPU
		{16CB0457-BF26-4E6B-9356-F093BD23C7F5}.Debug|Any CPU.Build.0 = Debug|Any CPU
		{16CB0457-BF26-4E6B-9356-F093BD23C7F5}.Release|Any CPU.ActiveCfg = Release|Any CPU
		{16CB0457-BF26-4E6B-9356-F093BD23C7F5}.Release|Any CPU.Build.0 = Release|Any CPU
		{66D83E35-45D1-49D0-AC6C-49EA4E2E73EE}.Debug|Any CPU.ActiveCfg = Debug|Any CPU
		{66D83E35-45D1-49D0-AC6C-49EA4E2E73EE}.Debug|Any CPU.Build.0 = Debug|Any CPU
		{66D83E35-45D1-49D0-AC6C-49EA4E2E73EE}.Release|Any CPU.ActiveCfg = Release|Any CPU
		{66D83E35-45D1-49D0-AC6C-49EA4E2E73EE}.Release|Any CPU.Build.0 = Release|Any CPU
		{223B28FF-F94E-4360-B5FA-B2A05058E6B8}.Debug|Any CPU.ActiveCfg = Debug|Any CPU
		{223B28FF-F94E-4360-B5FA-B2A05058E6B8}.Debug|Any CPU.Build.0 = Debug|Any CPU
		{223B28FF-F94E-4360-B5FA-B2A05058E6B8}.Release|Any CPU.ActiveCfg = Release|Any CPU
		{223B28FF-F94E-4360-B5FA-B2A05058E6B8}.Release|Any CPU.Build.0 = Release|Any CPU
		{B9DBBDE5-27CE-4CC7-AB23-95EDEE3138BD}.Debug|Any CPU.ActiveCfg = Debug|Any CPU
		{B9DBBDE5-27CE-4CC7-AB23-95EDEE3138BD}.Debug|Any CPU.Build.0 = Debug|Any CPU
		{B9DBBDE5-27CE-4CC7-AB23-95EDEE3138BD}.Release|Any CPU.ActiveCfg = Release|Any CPU
		{B9DBBDE5-27CE-4CC7-AB23-95EDEE3138BD}.Release|Any CPU.Build.0 = Release|Any CPU
		{1126CA8E-878A-441D-B2CD-A3E1E907770C}.Debug|Any CPU.ActiveCfg = Debug|Any CPU
		{1126CA8E-878A-441D-B2CD-A3E1E907770C}.Debug|Any CPU.Build.0 = Debug|Any CPU
		{1126CA8E-878A-441D-B2CD-A3E1E907770C}.Release|Any CPU.ActiveCfg = Release|Any CPU
		{1126CA8E-878A-441D-B2CD-A3E1E907770C}.Release|Any CPU.Build.0 = Release|Any CPU
		{28814BC4-C4CD-4C5C-A7C5-7A9B4631B59D}.Debug|Any CPU.ActiveCfg = Debug|Any CPU
		{28814BC4-C4CD-4C5C-A7C5-7A9B4631B59D}.Debug|Any CPU.Build.0 = Debug|Any CPU
		{28814BC4-C4CD-4C5C-A7C5-7A9B4631B59D}.Release|Any CPU.ActiveCfg = Release|Any CPU
		{28814BC4-C4CD-4C5C-A7C5-7A9B4631B59D}.Release|Any CPU.Build.0 = Release|Any CPU
		{CD578F18-A5AA-4854-AF15-7A2CDF617107}.Debug|Any CPU.ActiveCfg = Debug|Any CPU
		{CD578F18-A5AA-4854-AF15-7A2CDF617107}.Debug|Any CPU.Build.0 = Debug|Any CPU
		{CD578F18-A5AA-4854-AF15-7A2CDF617107}.Release|Any CPU.ActiveCfg = Release|Any CPU
		{CD578F18-A5AA-4854-AF15-7A2CDF617107}.Release|Any CPU.Build.0 = Release|Any CPU
	EndGlobalSection
	GlobalSection(SolutionProperties) = preSolution
		HideSolutionNode = FALSE
	EndGlobalSection
	GlobalSection(ExtensibilityGlobals) = postSolution
		SolutionGuid = {D89C2BDD-4C8F-4E81-8FB8-C80AD6073360}
	EndGlobalSection
EndGlobal
